
Microsoft Visual Studio Solution File, Format Version 12.00
# Visual Studio Version 17
VisualStudioVersion = 17.6.33723.286
MinimumVisualStudioVersion = 10.0.40219.1
Project("{FAE04EC0-301F-11D3-BF4B-00C04F79EFBC}") = "TaskManager", "TaskManager.csproj", "{F8C3B6FA-5FA9-4330-85CA-E25F3F8A0A13}"
EndProject
Project("{F14B399A-7131-4C87-9E4B-1186C45EF12D}") = "TaskManagerReport", "..\TaskManagerReport\TaskManagerReport.rptproj", "{859C40DD-9047-491E-A69E-811AECB9DFDE}"
EndProject
Global
	GlobalSection(SolutionConfigurationPlatforms) = preSolution
		Debug|Any CPU = Debug|Any CPU
		DebugLocal|Any CPU = DebugLocal|Any CPU
		Release|Any CPU = Release|Any CPU
	EndGlobalSection
	GlobalSection(ProjectConfigurationPlatforms) = postSolution
		{F8C3B6FA-5FA9-4330-85CA-E25F3F8A0A13}.Debug|Any CPU.ActiveCfg = Debug|Any CPU
		{F8C3B6FA-5FA9-4330-85CA-E25F3F8A0A13}.Debug|Any CPU.Build.0 = Debug|Any CPU
		{F8C3B6FA-5FA9-4330-85CA-E25F3F8A0A13}.DebugLocal|Any CPU.ActiveCfg = Debug|Any CPU
		{F8C3B6FA-5FA9-4330-85CA-E25F3F8A0A13}.DebugLocal|Any CPU.Build.0 = Debug|Any CPU
		{F8C3B6FA-5FA9-4330-85CA-E25F3F8A0A13}.Release|Any CPU.ActiveCfg = Release|Any CPU
		{F8C3B6FA-5FA9-4330-85CA-E25F3F8A0A13}.Release|Any CPU.Build.0 = Release|Any CPU
		{859C40DD-9047-491E-A69E-811AECB9DFDE}.Debug|Any CPU.ActiveCfg = Debug
		{859C40DD-9047-491E-A69E-811AECB9DFDE}.Debug|Any CPU.Build.0 = Debug
		{859C40DD-9047-491E-A69E-811AECB9DFDE}.Debug|Any CPU.Deploy.0 = Debug
		{859C40DD-9047-491E-A69E-811AECB9DFDE}.DebugLocal|Any CPU.ActiveCfg = DebugLocal
		{859C40DD-9047-491E-A69E-811AECB9DFDE}.DebugLocal|Any CPU.Build.0 = DebugLocal
		{859C40DD-9047-491E-A69E-811AECB9DFDE}.Release|Any CPU.ActiveCfg = Release
		{859C40DD-9047-491E-A69E-811AECB9DFDE}.Release|Any CPU.Build.0 = Release
		{859C40DD-9047-491E-A69E-811AECB9DFDE}.Release|Any CPU.Deploy.0 = Release
	EndGlobalSection
	GlobalSection(SolutionProperties) = preSolution
		HideSolutionNode = FALSE
	EndGlobalSection
	GlobalSection(ExtensibilityGlobals) = postSolution
		SolutionGuid = {FBF1451A-FFAB-4DFA-8240-8824F97D5EE4}
	EndGlobalSection
EndGlobal
